
Microsoft Visual Studio Solution File, Format Version 12.00
# Visual Studio Version 17
VisualStudioVersion = 17.4.33015.44
MinimumVisualStudioVersion = 10.0.40219.1
Project("{2150E333-8FDC-42A3-9474-1A3956D46DE8}") = "src", "src", "{1D3563A7-3B3C-4A2A-9AF3-9F938EE69D40}"
EndProject
Project("{9A19103F-16F7-4668-BE54-9A1E7A4F7556}") = "Tmtl.Client", "src\Tmtl.Client\Tmtl.Client.csproj", "{A52C899A-222D-4F1A-BC89-86D398184DA7}"
EndProject
Global
	GlobalSection(SolutionConfigurationPlatforms) = preSolution
		Debug|Any CPU = Debug|Any CPU
		Release|Any CPU = Release|Any CPU
	EndGlobalSection
	GlobalSection(ProjectConfigurationPlatforms) = postSolution
		{A52C899A-222D-4F1A-BC89-86D398184DA7}.Debug|Any CPU.ActiveCfg = Debug|Any CPU
		{A52C899A-222D-4F1A-BC89-86D398184DA7}.Debug|Any CPU.Build.0 = Debug|Any CPU
		{A52C899A-222D-4F1A-BC89-86D398184DA7}.Release|Any CPU.ActiveCfg = Release|Any CPU
		{A52C899A-222D-4F1A-BC89-86D398184DA7}.Release|Any CPU.Build.0 = Release|Any CPU
	EndGlobalSection
	GlobalSection(SolutionProperties) = preSolution
		HideSolutionNode = FALSE
	EndGlobalSection
	GlobalSection(NestedProjects) = preSolution
		{A52C899A-222D-4F1A-BC89-86D398184DA7} = {1D3563A7-3B3C-4A2A-9AF3-9F938EE69D40}
	EndGlobalSection
	GlobalSection(ExtensibilityGlobals) = postSolution
		SolutionGuid = {42D61968-8DC8-49CD-9D1E-AEA46AC95E6B}
	EndGlobalSection
EndGlobal
